
Microsoft Visual Studio Solution File, Format Version 12.00
# Visual Studio Version 17
VisualStudioVersion = 17.1.32319.34
MinimumVisualStudioVersion = 10.0.40219.1
Project("{FAE04EC0-301F-11D3-BF4B-00C04F79EFBC}") = "Host", "Host\Host.csproj", "{ED32BB81-22B3-460D-86ED-B8D2034FACB8}"
EndProject
Project("{FAE04EC0-301F-11D3-BF4B-00C04F79EFBC}") = "Client", "Client\Client.csproj", "{83054FF2-F625-4AE4-9B34-1E5033AF4123}"
EndProject
Global
	GlobalSection(SolutionConfigurationPlatforms) = preSolution
		Debug|Any CPU = Debug|Any CPU
		Debug|ARM = Debug|ARM
		Debug|ARM64 = Debug|ARM64
		Debug|x64 = Debug|x64
		Debug|x86 = Debug|x86
		Release|Any CPU = Release|Any CPU
		Release|ARM = Release|ARM
		Release|ARM64 = Release|ARM64
		Release|x64 = Release|x64
		Release|x86 = Release|x86
	EndGlobalSection
	GlobalSection(ProjectConfigurationPlatforms) = postSolution
		{ED32BB81-22B3-460D-86ED-B8D2034FACB8}.Debug|Any CPU.ActiveCfg = Debug|Any CPU
		{ED32BB81-22B3-460D-86ED-B8D2034FACB8}.Debug|Any CPU.Build.0 = Debug|Any CPU
		{ED32BB81-22B3-460D-86ED-B8D2034FACB8}.Debug|ARM.ActiveCfg = Debug|Any CPU
		{ED32BB81-22B3-460D-86ED-B8D2034FACB8}.Debug|ARM.Build.0 = Debug|Any CPU
		{ED32BB81-22B3-460D-86ED-B8D2034FACB8}.Debug|ARM64.ActiveCfg = Debug|Any CPU
		{ED32BB81-22B3-460D-86ED-B8D2034FACB8}.Debug|ARM64.Build.0 = Debug|Any CPU
		{ED32BB81-22B3-460D-86ED-B8D2034FACB8}.Debug|x64.ActiveCfg = Debug|Any CPU
		{ED32BB81-22B3-460D-86ED-B8D2034FACB8}.Debug|x64.Build.0 = Debug|Any CPU
		{ED32BB81-22B3-460D-86ED-B8D2034FACB8}.Debug|x86.ActiveCfg = Debug|Any CPU
		{ED32BB81-22B3-460D-86ED-B8D2034FACB8}.Debug|x86.Build.0 = Debug|Any CPU
		{ED32BB81-22B3-460D-86ED-B8D2034FACB8}.Release|Any CPU.ActiveCfg = Release|Any CPU
		{ED32BB81-22B3-460D-86ED-B8D2034FACB8}.Release|Any CPU.Build.0 = Release|Any CPU
		{ED32BB81-22B3-460D-86ED-B8D2034FACB8}.Release|ARM.ActiveCfg = Release|Any CPU
		{ED32BB81-22B3-460D-86ED-B8D2034FACB8}.Release|ARM.Build.0 = Release|Any CPU
		{ED32BB81-22B3-460D-86ED-B8D2034FACB8}.Release|ARM64.ActiveCfg = Release|Any CPU
		{ED32BB81-22B3-460D-86ED-B8D2034FACB8}.Release|ARM64.Build.0 = Release|Any CPU
		{ED32BB81-22B3-460D-86ED-B8D2034FACB8}.Release|x64.ActiveCfg = Release|Any CPU
		{ED32BB81-22B3-460D-86ED-B8D2034FACB8}.Release|x64.Build.0 = Release|Any CPU
		{ED32BB81-22B3-460D-86ED-B8D2034FACB8}.Release|x86.ActiveCfg = Release|Any CPU
		{ED32BB81-22B3-460D-86ED-B8D2034FACB8}.Release|x86.Build.0 = Release|Any CPU
		{83054FF2-F625-4AE4-9B34-1E5033AF4123}.Debug|Any CPU.ActiveCfg = Debug|x64
		{83054FF2-F625-4AE4-9B34-1E5033AF4123}.Debug|Any CPU.Build.0 = Debug|x64
		{83054FF2-F625-4AE4-9B34-1E5033AF4123}.Debug|Any CPU.Deploy.0 = Debug|x64
		{83054FF2-F625-4AE4-9B34-1E5033AF4123}.Debug|ARM.ActiveCfg = Debug|ARM
		{83054FF2-F625-4AE4-9B34-1E5033AF4123}.Debug|ARM.Build.0 = Debug|ARM
		{83054FF2-F625-4AE4-9B34-1E5033AF4123}.Debug|ARM.Deploy.0 = Debug|ARM
		{83054FF2-F625-4AE4-9B34-1E5033AF4123}.Debug|ARM64.ActiveCfg = Debug|ARM64
		{83054FF2-F625-4AE4-9B34-1E5033AF4123}.Debug|ARM64.Build.0 = Debug|ARM64
		{83054FF2-F625-4AE4-9B34-1E5033AF4123}.Debug|ARM64.Deploy.0 = Debug|ARM64
		{83054FF2-F625-4AE4-9B34-1E5033AF4123}.Debug|x64.ActiveCfg = Debug|x64
		{83054FF2-F625-4AE4-9B34-1E5033AF4123}.Debug|x64.Build.0 = Debug|x64
		{83054FF2-F625-4AE4-9B34-1E5033AF4123}.Debug|x64.Deploy.0 = Debug|x64
		{83054FF2-F625-4AE4-9B34-1E5033AF4123}.Debug|x86.ActiveCfg = Debug|x86
		{83054FF2-F625-4AE4-9B34-1E5033AF4123}.Debug|x86.Build.0 = Debug|x86
		{83054FF2-F625-4AE4-9B34-1E5033AF4123}.Debug|x86.Deploy.0 = Debug|x86
		{83054FF2-F625-4AE4-9B34-1E5033AF4123}.Release|Any CPU.ActiveCfg = Release|x64
		{83054FF2-F625-4AE4-9B34-1E5033AF4123}.Release|Any CPU.Build.0 = Release|x64
		{83054FF2-F625-4AE4-9B34-1E5033AF4123}.Release|Any CPU.Deploy.0 = Release|x64
		{83054FF2-F625-4AE4-9B34-1E5033AF4123}.Release|ARM.ActiveCfg = Release|ARM
		{83054FF2-F625-4AE4-9B34-1E5033AF4123}.Release|ARM.Build.0 = Release|ARM
		{83054FF2-F625-4AE4-9B34-1E5033AF4123}.Release|ARM.Deploy.0 = Release|ARM
		{83054FF2-F625-4AE4-9B34-1E5033AF4123}.Release|ARM64.ActiveCfg = Release|ARM64
		{83054FF2-F625-4AE4-9B34-1E5033AF4123}.Release|ARM64.Build.0 = Release|ARM64
		{83054FF2-F625-4AE4-9B34-1E5033AF4123}.Release|ARM64.Deploy.0 = Release|ARM64
		{83054FF2-F625-4AE4-9B34-1E5033AF4123}.Release|x64.ActiveCfg = Release|x64
		{83054FF2-F625-4AE4-9B34-1E5033AF4123}.Release|x64.Build.0 = Release|x64
		{83054FF2-F625-4AE4-9B34-1E5033AF4123}.Release|x64.Deploy.0 = Release|x64
		{83054FF2-F625-4AE4-9B34-1E5033AF4123}.Release|x86.ActiveCfg = Release|x86
		{83054FF2-F625-4AE4-9B34-1E5033AF4123}.Release|x86.Build.0 = Release|x86
		{83054FF2-F625-4AE4-9B34-1E5033AF4123}.Release|x86.Deploy.0 = Release|x86
	EndGlobalSection
	GlobalSection(SolutionProperties) = preSolution
		HideSolutionNode = FALSE
	EndGlobalSection
	GlobalSection(ExtensibilityGlobals) = postSolution
		SolutionGuid = {68F398BC-9FB8-43A3-BA89-39129D752650}
	EndGlobalSection
EndGlobal
